
Microsoft Visual Studio Solution File, Format Version 12.00
# Visual Studio Version 17
VisualStudioVersion = 17.0.31912.275
MinimumVisualStudioVersion = 10.0.40219.1
Project("{FAE04EC0-301F-11D3-BF4B-00C04F79EFBC}") = "lab10", "lab10\lab10.csproj", "{73688AD1-8CE8-4CDF-98BC-11AFEE0C62E0}"
EndProject
Project("{FAE04EC0-301F-11D3-BF4B-00C04F79EFBC}") = "svoistvo", "svoistvo\svoistvo.csproj", "{C893F1F4-BBB0-4631-81CD-9CA4520E42FD}"
EndProject
Project("{FAE04EC0-301F-11D3-BF4B-00C04F79EFBC}") = "lab10zadacha", "lab10zadacha\lab10zadacha.csproj", "{FC26966F-4B5E-4C23-ACA3-A39DCAEE1874}"
EndProject
Global
	GlobalSection(SolutionConfigurationPlatforms) = preSolution
		Debug|Any CPU = Debug|Any CPU
		Release|Any CPU = Release|Any CPU
	EndGlobalSection
	GlobalSection(ProjectConfigurationPlatforms) = postSolution
		{73688AD1-8CE8-4CDF-98BC-11AFEE0C62E0}.Debug|Any CPU.ActiveCfg = Debug|Any CPU
		{73688AD1-8CE8-4CDF-98BC-11AFEE0C62E0}.Debug|Any CPU.Build.0 = Debug|Any CPU
		{73688AD1-8CE8-4CDF-98BC-11AFEE0C62E0}.Release|Any CPU.ActiveCfg = Release|Any CPU
		{73688AD1-8CE8-4CDF-98BC-11AFEE0C62E0}.Release|Any CPU.Build.0 = Release|Any CPU
		{C893F1F4-BBB0-4631-81CD-9CA4520E42FD}.Debug|Any CPU.ActiveCfg = Debug|Any CPU
		{C893F1F4-BBB0-4631-81CD-9CA4520E42FD}.Debug|Any CPU.Build.0 = Debug|Any CPU
		{C893F1F4-BBB0-4631-81CD-9CA4520E42FD}.Release|Any CPU.ActiveCfg = Release|Any CPU
		{C893F1F4-BBB0-4631-81CD-9CA4520E42FD}.Release|Any CPU.Build.0 = Release|Any CPU
		{FC26966F-4B5E-4C23-ACA3-A39DCAEE1874}.Debug|Any CPU.ActiveCfg = Debug|Any CPU
		{FC26966F-4B5E-4C23-ACA3-A39DCAEE1874}.Debug|Any CPU.Build.0 = Debug|Any CPU
		{FC26966F-4B5E-4C23-ACA3-A39DCAEE1874}.Release|Any CPU.ActiveCfg = Release|Any CPU
		{FC26966F-4B5E-4C23-ACA3-A39DCAEE1874}.Release|Any CPU.Build.0 = Release|Any CPU
	EndGlobalSection
	GlobalSection(SolutionProperties) = preSolution
		HideSolutionNode = FALSE
	EndGlobalSection
	GlobalSection(ExtensibilityGlobals) = postSolution
		SolutionGuid = {E2E2A50A-D9BF-48C1-B6E6-0179B1477D56}
	EndGlobalSection
EndGlobal
